{
  "requires": true,
  "lockfileVersion": 1,
  "dependencies": {
    "js-combinatorics": {
      "version": "0.5.4",
      "resolved": "https://registry.npmjs.org/js-combinatorics/-/js-combinatorics-0.5.4.tgz",
      "integrity": "sha512-PCqUIKGqv/Kjao1G4GE/Yni6QkCP2nWW3KnxL+8IGWPlP18vQpT8ufGMf4XUAAY8JHEryUCJbf51zG8329ntMg=="
    }
  }
}
